
Microsoft Visual Studio Solution File, Format Version 12.00
#
Project("{FAE04EC0-301F-11D3-BF4B-00C04F79EFBC}") = "MarkopProxy", "MarkopProxy\MarkopProxy.csproj", "{10177750-21A0-4BAB-B9E3-12F500498A0C}"
EndProject
Project("{FAE04EC0-301F-11D3-BF4B-00C04F79EFBC}") = "UnitTest", "UnitTest\UnitTest.csproj", "{709CDC0C-075C-47A5-8C0E-406E735989F2}"
EndProject
Project("{FAE04EC0-301F-11D3-BF4B-00C04F79EFBC}") = "StressTest", "StressTest\StressTest.csproj", "{D7F77DBA-54A9-4942-BE54-4D104278DD11}"
EndProject
Global
	GlobalSection(SolutionConfigurationPlatforms) = preSolution
		Debug|Any CPU = Debug|Any CPU
		Release|Any CPU = Release|Any CPU
	EndGlobalSection
	GlobalSection(ProjectConfigurationPlatforms) = postSolution
		{10177750-21A0-4BAB-B9E3-12F500498A0C}.Debug|Any CPU.ActiveCfg = Debug|Any CPU
		{10177750-21A0-4BAB-B9E3-12F500498A0C}.Debug|Any CPU.Build.0 = Debug|Any CPU
		{10177750-21A0-4BAB-B9E3-12F500498A0C}.Release|Any CPU.ActiveCfg = Release|Any CPU
		{10177750-21A0-4BAB-B9E3-12F500498A0C}.Release|Any CPU.Build.0 = Release|Any CPU
		{709CDC0C-075C-47A5-8C0E-406E735989F2}.Debug|Any CPU.ActiveCfg = Debug|Any CPU
		{709CDC0C-075C-47A5-8C0E-406E735989F2}.Debug|Any CPU.Build.0 = Debug|Any CPU
		{709CDC0C-075C-47A5-8C0E-406E735989F2}.Release|Any CPU.ActiveCfg = Release|Any CPU
		{709CDC0C-075C-47A5-8C0E-406E735989F2}.Release|Any CPU.Build.0 = Release|Any CPU
		{D7F77DBA-54A9-4942-BE54-4D104278DD11}.Debug|Any CPU.ActiveCfg = Debug|Any CPU
		{D7F77DBA-54A9-4942-BE54-4D104278DD11}.Debug|Any CPU.Build.0 = Debug|Any CPU
		{D7F77DBA-54A9-4942-BE54-4D104278DD11}.Release|Any CPU.ActiveCfg = Release|Any CPU
		{D7F77DBA-54A9-4942-BE54-4D104278DD11}.Release|Any CPU.Build.0 = Release|Any CPU
	EndGlobalSection
EndGlobal
